
Microsoft Visual Studio Solution File, Format Version 12.00
# Visual Studio 15
Project("{FAE04EC0-301F-11D3-BF4B-00C04F79EFBC}") = "Dunjin.Android", "Dunjin.Android\Dunjin.Android.csproj", "{F7947849-859F-4D2D-8DB3-4CCACC586A77}"
EndProject
Project("{FAE04EC0-301F-11D3-BF4B-00C04F79EFBC}") = "Dunjin.iOS", "Dunjin.iOS\Dunjin.iOS.csproj", "{B497BB5B-4186-4424-AF63-9CF25725D0E5}"
EndProject
Project("{FAE04EC0-301F-11D3-BF4B-00C04F79EFBC}") = "Dunjin", "Dunjin\Dunjin.csproj", "{E5025AAA-F3F5-4783-9F09-564168BE7F02}"
EndProject
Project("{2150E333-8FDC-42A3-9474-1A3956D46DE8}") = "Solution Items", "Solution Items", "{BE1518FD-DB26-4321-8114-04893B4B5F11}"
EndProject
Global
	GlobalSection(SolutionConfigurationPlatforms) = preSolution
		Debug|Any CPU = Debug|Any CPU
		Release|Any CPU = Release|Any CPU
		Debug|iPhoneSimulator = Debug|iPhoneSimulator
		Release|iPhoneSimulator = Release|iPhoneSimulator
		Debug|iPhone = Debug|iPhone
		Release|iPhone = Release|iPhone
	EndGlobalSection
	GlobalSection(ProjectConfigurationPlatforms) = postSolution
		{F7947849-859F-4D2D-8DB3-4CCACC586A77}.Debug|Any CPU.ActiveCfg = Debug|Any CPU
		{F7947849-859F-4D2D-8DB3-4CCACC586A77}.Debug|Any CPU.Build.0 = Debug|Any CPU
		{F7947849-859F-4D2D-8DB3-4CCACC586A77}.Release|Any CPU.ActiveCfg = Release|Any CPU
		{F7947849-859F-4D2D-8DB3-4CCACC586A77}.Release|Any CPU.Build.0 = Release|Any CPU
		{F7947849-859F-4D2D-8DB3-4CCACC586A77}.Debug|iPhoneSimulator.ActiveCfg = Debug|Any CPU
		{F7947849-859F-4D2D-8DB3-4CCACC586A77}.Debug|iPhoneSimulator.Build.0 = Debug|Any CPU
		{F7947849-859F-4D2D-8DB3-4CCACC586A77}.Release|iPhoneSimulator.ActiveCfg = Release|Any CPU
		{F7947849-859F-4D2D-8DB3-4CCACC586A77}.Release|iPhoneSimulator.Build.0 = Release|Any CPU
		{F7947849-859F-4D2D-8DB3-4CCACC586A77}.Debug|iPhone.ActiveCfg = Debug|Any CPU
		{F7947849-859F-4D2D-8DB3-4CCACC586A77}.Debug|iPhone.Build.0 = Debug|Any CPU
		{F7947849-859F-4D2D-8DB3-4CCACC586A77}.Release|iPhone.ActiveCfg = Release|Any CPU
		{F7947849-859F-4D2D-8DB3-4CCACC586A77}.Release|iPhone.Build.0 = Release|Any CPU
		{B497BB5B-4186-4424-AF63-9CF25725D0E5}.Debug|Any CPU.ActiveCfg = Debug|iPhoneSimulator
		{B497BB5B-4186-4424-AF63-9CF25725D0E5}.Debug|Any CPU.Build.0 = Debug|iPhoneSimulator
		{B497BB5B-4186-4424-AF63-9CF25725D0E5}.Release|Any CPU.ActiveCfg = Release|iPhoneSimulator
		{B497BB5B-4186-4424-AF63-9CF25725D0E5}.Release|Any CPU.Build.0 = Release|iPhoneSimulator
		{B497BB5B-4186-4424-AF63-9CF25725D0E5}.Debug|iPhoneSimulator.ActiveCfg = Debug|iPhoneSimulator
		{B497BB5B-4186-4424-AF63-9CF25725D0E5}.Debug|iPhoneSimulator.Build.0 = Debug|iPhoneSimulator
		{B497BB5B-4186-4424-AF63-9CF25725D0E5}.Release|iPhoneSimulator.ActiveCfg = Release|iPhoneSimulator
		{B497BB5B-4186-4424-AF63-9CF25725D0E5}.Release|iPhoneSimulator.Build.0 = Release|iPhoneSimulator
		{B497BB5B-4186-4424-AF63-9CF25725D0E5}.Debug|iPhone.ActiveCfg = Debug|iPhone
		{B497BB5B-4186-4424-AF63-9CF25725D0E5}.Debug|iPhone.Build.0 = Debug|iPhone
		{B497BB5B-4186-4424-AF63-9CF25725D0E5}.Release|iPhone.ActiveCfg = Release|iPhone
		{B497BB5B-4186-4424-AF63-9CF25725D0E5}.Release|iPhone.Build.0 = Release|iPhone
		{E5025AAA-F3F5-4783-9F09-564168BE7F02}.Debug|Any CPU.ActiveCfg = Debug|Any CPU
		{E5025AAA-F3F5-4783-9F09-564168BE7F02}.Debug|Any CPU.Build.0 = Debug|Any CPU
		{E5025AAA-F3F5-4783-9F09-564168BE7F02}.Release|Any CPU.ActiveCfg = Release|Any CPU
		{E5025AAA-F3F5-4783-9F09-564168BE7F02}.Release|Any CPU.Build.0 = Release|Any CPU
		{E5025AAA-F3F5-4783-9F09-564168BE7F02}.Debug|iPhoneSimulator.ActiveCfg = Debug|Any CPU
		{E5025AAA-F3F5-4783-9F09-564168BE7F02}.Debug|iPhoneSimulator.Build.0 = Debug|Any CPU
		{E5025AAA-F3F5-4783-9F09-564168BE7F02}.Release|iPhoneSimulator.ActiveCfg = Release|Any CPU
		{E5025AAA-F3F5-4783-9F09-564168BE7F02}.Release|iPhoneSimulator.Build.0 = Release|Any CPU
		{E5025AAA-F3F5-4783-9F09-564168BE7F02}.Debug|iPhone.ActiveCfg = Debug|Any CPU
		{E5025AAA-F3F5-4783-9F09-564168BE7F02}.Debug|iPhone.Build.0 = Debug|Any CPU
		{E5025AAA-F3F5-4783-9F09-564168BE7F02}.Release|iPhone.ActiveCfg = Release|Any CPU
		{E5025AAA-F3F5-4783-9F09-564168BE7F02}.Release|iPhone.Build.0 = Release|Any CPU
	EndGlobalSection
EndGlobal
